{
  "originHash" : "e842fb062d753556c884fab94791e116eea274061104fd07d5981e0486d43123",
  "pins" : [
    {
      "identity" : "licenseplist",
      "kind" : "remoteSourceControl",
      "location" : "https://github.com/mono0926/LicensePlist",
      "state" : {
        "revision" : "ab1692c16f4ce50fc134a8f51179f3310d41c5ef",
        "version" : "3.27.1"
      }
    }
  ],
  "version" : 3
}
